{
  "requires": true,
  "lockfileVersion": 1,
  "dependencies": {
    "bootstrap": {
      "version": "3.3.7",
      "resolved": "https://registry.npmjs.org/bootstrap/-/bootstrap-3.3.7.tgz",
      "integrity": "sha1-WjiTlFSfIzMIdaOxUGVldPip63E="
    },
    "bootstrap-router": {
      "version": "0.1.1-a",
      "resolved": "https://registry.npmjs.org/bootstrap-router/-/bootstrap-router-0.1.1-a.tgz",
      "integrity": "sha1-rvUkQfXLcKxDZkCqlbQ3JNFELfQ=",
      "requires": {
        "bootstrap": "3.3.7"
      }
    }
  }
}
